
Microsoft Visual Studio Solution File, Format Version 12.00
# Visual Studio Version 17
VisualStudioVersion = 17.14.36202.13 d17.14
MinimumVisualStudioVersion = 10.0.40219.1
Project("{FAE04EC0-301F-11D3-BF4B-00C04F79EFBC}") = "Number Guessing Game", "Number Guessing Game\Number Guessing Game.csproj", "{DEB3C2E2-1743-439F-AC99-A62366595F89}"
EndProject
Global
	GlobalSection(SolutionConfigurationPlatforms) = preSolution
		Debug|Any CPU = Debug|Any CPU
		Release|Any CPU = Release|Any CPU
	EndGlobalSection
	GlobalSection(ProjectConfigurationPlatforms) = postSolution
		{DEB3C2E2-1743-439F-AC99-A62366595F89}.Debug|Any CPU.ActiveCfg = Debug|Any CPU
		{DEB3C2E2-1743-439F-AC99-A62366595F89}.Debug|Any CPU.Build.0 = Debug|Any CPU
		{DEB3C2E2-1743-439F-AC99-A62366595F89}.Release|Any CPU.ActiveCfg = Release|Any CPU
		{DEB3C2E2-1743-439F-AC99-A62366595F89}.Release|Any CPU.Build.0 = Release|Any CPU
	EndGlobalSection
	GlobalSection(SolutionProperties) = preSolution
		HideSolutionNode = FALSE
	EndGlobalSection
	GlobalSection(ExtensibilityGlobals) = postSolution
		SolutionGuid = {CEEB6223-541D-49AA-B0C1-B7EBB4720217}
	EndGlobalSection
EndGlobal
