Microsoft Visual Studio Solution File, Format Version 12.00
# Visual Studio Version 17
VisualStudioVersion = 17.5.2.0
MinimumVisualStudioVersion = 10.0.40219.1
Project("{FAE04EC0-301F-11D3-BF4B-00C04F79EFBC}") = "Number_Guessing_Game", "Number_Guessing_Game.csproj", "{BF85F2CC-891C-24AD-9B8A-262F6AB7FC73}"
EndProject
Global
	GlobalSection(SolutionConfigurationPlatforms) = preSolution
		Debug|Any CPU = Debug|Any CPU
		Release|Any CPU = Release|Any CPU
	EndGlobalSection
	GlobalSection(ProjectConfigurationPlatforms) = postSolution
		{BF85F2CC-891C-24AD-9B8A-262F6AB7FC73}.Debug|Any CPU.ActiveCfg = Debug|Any CPU
		{BF85F2CC-891C-24AD-9B8A-262F6AB7FC73}.Debug|Any CPU.Build.0 = Debug|Any CPU
		{BF85F2CC-891C-24AD-9B8A-262F6AB7FC73}.Release|Any CPU.ActiveCfg = Release|Any CPU
		{BF85F2CC-891C-24AD-9B8A-262F6AB7FC73}.Release|Any CPU.Build.0 = Release|Any CPU
	EndGlobalSection
	GlobalSection(SolutionProperties) = preSolution
		HideSolutionNode = FALSE
	EndGlobalSection
	GlobalSection(ExtensibilityGlobals) = postSolution
		SolutionGuid = {8CC99ED4-F900-471E-B502-FEB5E964AD1C}
	EndGlobalSection
EndGlobal
